
Microsoft Visual Studio Solution File, Format Version 12.00
# Visual Studio Version 17
VisualStudioVersion = 17.7.34031.279
MinimumVisualStudioVersion = 10.0.40219.1
Project("{2150E333-8FDC-42A3-9474-1A3956D46DE8}") = "1. Framework", "1. Framework", "{66901F9E-9767-48D4-89C3-D554A9B813DA}"
EndProject
Project("{9A19103F-16F7-4668-BE54-9A1E7A4F7556}") = "Aurora.Framework.Api", "Framework\Aurora.Framework.Api\Aurora.Framework.Api.csproj", "{B014BDB6-A561-46FC-BD94-378AEBD8F5D5}"
EndProject
Project("{9A19103F-16F7-4668-BE54-9A1E7A4F7556}") = "Aurora.Framework.Application", "Framework\Aurora.Framework.Application\Aurora.Framework.Application.csproj", "{6BF36682-C8A1-4B7F-8C0C-63D22B928499}"
EndProject
Project("{9A19103F-16F7-4668-BE54-9A1E7A4F7556}") = "Aurora.Framework.Core", "Framework\Aurora.Framework.Core\Aurora.Framework.Core.csproj", "{31F99C99-3525-4009-B45D-1EC195E1D0A4}"
EndProject
Project("{9A19103F-16F7-4668-BE54-9A1E7A4F7556}") = "Aurora.Framework.Identity", "Framework\Aurora.Framework.Identity\Aurora.Framework.Identity.csproj", "{4B84ED24-028F-4025-8285-CF25802ECCC9}"
EndProject
Project("{9A19103F-16F7-4668-BE54-9A1E7A4F7556}") = "Aurora.Framework.Infrastructure", "Framework\Aurora.Framework.Infrastructure\Aurora.Framework.Infrastructure.csproj", "{162CC2AF-29E8-4F22-9392-2244EC2348B9}"
EndProject
Project("{FAE04EC0-301F-11D3-BF4B-00C04F79EFBC}") = "Aurora.Framework.Presentation", "Framework\Aurora.Framework.Presentation\Aurora.Framework.Presentation.csproj", "{C5EE9256-25A4-4F5D-9E14-8462911C62AC}"
EndProject
Project("{2150E333-8FDC-42A3-9474-1A3956D46DE8}") = "2. Gateways", "2. Gateways", "{CFA06E21-FA88-4D1E-9442-6277ADFAA1EA}"
EndProject
Project("{2150E333-8FDC-42A3-9474-1A3956D46DE8}") = "3. Public Apis", "3. Public Apis", "{EE6F5C27-7539-49CD-A985-BBE7999A1BB4}"
EndProject
Project("{2150E333-8FDC-42A3-9474-1A3956D46DE8}") = "4. Modules", "4. Modules", "{7A512CD8-5192-4BDC-98D4-0D0CAC7CA467}"
EndProject
Project("{2150E333-8FDC-42A3-9474-1A3956D46DE8}") = "Accounting", "Accounting", "{24045220-01F6-40F1-9D1C-696599EF9874}"
EndProject
Project("{2150E333-8FDC-42A3-9474-1A3956D46DE8}") = "Common", "Common", "{ED86A430-823B-4332-AC67-4536545C8057}"
EndProject
Project("{9A19103F-16F7-4668-BE54-9A1E7A4F7556}") = "Aurora.BizSuite.Common.Domain", "Modules\Common\Aurora.BizSuite.Common.Domain\Aurora.BizSuite.Common.Domain.csproj", "{F96CB656-CBE2-49D3-99E5-A3DBB4F2D1DD}"
EndProject
Project("{2150E333-8FDC-42A3-9474-1A3956D46DE8}") = "Inventory", "Inventory", "{93D7107B-06C1-4DE2-BEF0-8793B9237DC4}"
EndProject
Project("{2150E333-8FDC-42A3-9474-1A3956D46DE8}") = "Items", "Items", "{01895C00-8716-4315-9715-5E7E6CF17886}"
EndProject
Project("{FAE04EC0-301F-11D3-BF4B-00C04F79EFBC}") = "Aurora.BizSuite.Items.Application", "Modules\Items\Aurora.BizSuite.Items.Application\Aurora.BizSuite.Items.Application.csproj", "{FCC1B7DC-2432-452B-883D-EFDB4BC92230}"
EndProject
Project("{9A19103F-16F7-4668-BE54-9A1E7A4F7556}") = "Aurora.BizSuite.Items.Domain", "Modules\Items\Aurora.BizSuite.Items.Domain\Aurora.BizSuite.Items.Domain.csproj", "{7EA87073-B784-4DCB-B57F-7536D1BF5B64}"
EndProject
Project("{FAE04EC0-301F-11D3-BF4B-00C04F79EFBC}") = "Aurora.BizSuite.Items.Infrastructure", "Modules\Items\Aurora.BizSuite.Items.Infrastructure\Aurora.BizSuite.Items.Infrastructure.csproj", "{43552AC8-3AE5-426B-A686-F6FD8245CD78}"
EndProject
Project("{FAE04EC0-301F-11D3-BF4B-00C04F79EFBC}") = "Aurora.BizSuite.Items.Presentation", "Modules\Items\Aurora.BizSuite.Items.Presentation\Aurora.BizSuite.Items.Presentation.csproj", "{B01269CE-DD26-4139-9DD8-65AC248C8C4E}"
EndProject
Project("{2150E333-8FDC-42A3-9474-1A3956D46DE8}") = "Organizations", "Organizations", "{79BE8F0E-46A6-49BB-BC7A-8ABB2B1100F6}"
EndProject
Project("{2150E333-8FDC-42A3-9474-1A3956D46DE8}") = "Sales", "Sales", "{37329E7F-3CAA-454A-9D1C-C2D52063602A}"
EndProject
Project("{2150E333-8FDC-42A3-9474-1A3956D46DE8}") = "Security", "Security", "{259E455F-96F7-4930-AA10-2E2BF6B3369D}"
EndProject
Project("{9A19103F-16F7-4668-BE54-9A1E7A4F7556}") = "Aurora.BizSuite.Security.Application", "Modules\Security\Aurora.BizSuite.Security.Application\Aurora.BizSuite.Security.Application.csproj", "{4CD46661-779A-4F1D-BFF7-3CCE90D85C38}"
EndProject
Project("{9A19103F-16F7-4668-BE54-9A1E7A4F7556}") = "Aurora.BizSuite.Security.Domain", "Modules\Security\Aurora.BizSuite.Security.Domain\Aurora.BizSuite.Security.Domain.csproj", "{EE03FA1D-8E36-4A84-BD1B-DECABFA2AEDA}"
EndProject
Project("{9A19103F-16F7-4668-BE54-9A1E7A4F7556}") = "Aurora.BizSuite.Security.API", "Modules\Security\Aurora.BizSuite.Security.API\Aurora.BizSuite.Security.API.csproj", "{359F2D6D-2C70-4C5B-AD27-91E9DB079899}"
EndProject
Project("{9A19103F-16F7-4668-BE54-9A1E7A4F7556}") = "Aurora.BizSuite.Security.Infrastructure", "Modules\Security\Aurora.BizSuite.Security.Infrastructure\Aurora.BizSuite.Security.Infrastructure.csproj", "{E57B5992-262F-4BFC-9734-2056CA5E7A33}"
EndProject
Project("{2150E333-8FDC-42A3-9474-1A3956D46DE8}") = "Settings", "Settings", "{0799A985-5477-4955-8A2F-A800AD015DE3}"
EndProject
Project("{9A19103F-16F7-4668-BE54-9A1E7A4F7556}") = "Aurora.BizSuite.Settings.Domain", "Modules\Settings\Aurora.BizSuite.Settings.Domain\Aurora.BizSuite.Settings.Domain.csproj", "{3B40773A-331A-499E-A7A0-23061AAB1A17}"
EndProject
Project("{9A19103F-16F7-4668-BE54-9A1E7A4F7556}") = "Aurora.BizSuite.Settings.Application", "Modules\Settings\Aurora.BizSuite.Settings.Application\Aurora.BizSuite.Settings.Application.csproj", "{A03C758D-B75F-480E-8EDD-B3C112B59128}"
EndProject
Project("{9A19103F-16F7-4668-BE54-9A1E7A4F7556}") = "Aurora.BizSuite.Settings.Infrastructure", "Modules\Settings\Aurora.BizSuite.Settings.Infrastructure\Aurora.BizSuite.Settings.Infrastructure.csproj", "{4C129D2A-18DD-46E3-8421-2EC17749FEFB}"
EndProject
Project("{9A19103F-16F7-4668-BE54-9A1E7A4F7556}") = "Aurora.BizSuite.Settings.API", "Modules\Settings\Aurora.BizSuite.Settings.API\Aurora.BizSuite.Settings.API.csproj", "{82256680-5BBD-4878-96E5-92F2D7B5E500}"
EndProject
Project("{2150E333-8FDC-42A3-9474-1A3956D46DE8}") = "5. Tests", "5. Tests", "{DD505021-126D-4DDB-A95B-1AB72108AAF5}"
EndProject
Project("{2150E333-8FDC-42A3-9474-1A3956D46DE8}") = "Security", "Security", "{F03FF567-89B9-4C8B-89F6-DF65985118FB}"
EndProject
Project("{9A19103F-16F7-4668-BE54-9A1E7A4F7556}") = "Aurora.BizSuite.Security.Domain.UnitTests", "Tests\Security\Aurora.BizSuite.Security.Domain.UnitTests\Aurora.BizSuite.Security.Domain.UnitTests.csproj", "{7E1D91AB-419A-4DF4-9D93-64A3F8CCC321}"
EndProject
Project("{2150E333-8FDC-42A3-9474-1A3956D46DE8}") = "Solution Items", "Solution Items", "{5AB809DB-1F3B-4CCE-BF9E-AC74F6E33E5A}"
	ProjectSection(SolutionItems) = preProject
		.editorconfig = .editorconfig
		Directory.Build.props = Directory.Build.props
	EndProjectSection
EndProject
Global
	GlobalSection(SolutionConfigurationPlatforms) = preSolution
		Debug|Any CPU = Debug|Any CPU
		Release|Any CPU = Release|Any CPU
	EndGlobalSection
	GlobalSection(ProjectConfigurationPlatforms) = postSolution
		{F96CB656-CBE2-49D3-99E5-A3DBB4F2D1DD}.Debug|Any CPU.ActiveCfg = Debug|Any CPU
		{F96CB656-CBE2-49D3-99E5-A3DBB4F2D1DD}.Debug|Any CPU.Build.0 = Debug|Any CPU
		{F96CB656-CBE2-49D3-99E5-A3DBB4F2D1DD}.Release|Any CPU.ActiveCfg = Release|Any CPU
		{F96CB656-CBE2-49D3-99E5-A3DBB4F2D1DD}.Release|Any CPU.Build.0 = Release|Any CPU
		{31F99C99-3525-4009-B45D-1EC195E1D0A4}.Debug|Any CPU.ActiveCfg = Debug|Any CPU
		{31F99C99-3525-4009-B45D-1EC195E1D0A4}.Debug|Any CPU.Build.0 = Debug|Any CPU
		{31F99C99-3525-4009-B45D-1EC195E1D0A4}.Release|Any CPU.ActiveCfg = Release|Any CPU
		{31F99C99-3525-4009-B45D-1EC195E1D0A4}.Release|Any CPU.Build.0 = Release|Any CPU
		{3B40773A-331A-499E-A7A0-23061AAB1A17}.Debug|Any CPU.ActiveCfg = Debug|Any CPU
		{3B40773A-331A-499E-A7A0-23061AAB1A17}.Debug|Any CPU.Build.0 = Debug|Any CPU
		{3B40773A-331A-499E-A7A0-23061AAB1A17}.Release|Any CPU.ActiveCfg = Release|Any CPU
		{3B40773A-331A-499E-A7A0-23061AAB1A17}.Release|Any CPU.Build.0 = Release|Any CPU
		{A03C758D-B75F-480E-8EDD-B3C112B59128}.Debug|Any CPU.ActiveCfg = Debug|Any CPU
		{A03C758D-B75F-480E-8EDD-B3C112B59128}.Debug|Any CPU.Build.0 = Debug|Any CPU
		{A03C758D-B75F-480E-8EDD-B3C112B59128}.Release|Any CPU.ActiveCfg = Release|Any CPU
		{A03C758D-B75F-480E-8EDD-B3C112B59128}.Release|Any CPU.Build.0 = Release|Any CPU
		{4C129D2A-18DD-46E3-8421-2EC17749FEFB}.Debug|Any CPU.ActiveCfg = Debug|Any CPU
		{4C129D2A-18DD-46E3-8421-2EC17749FEFB}.Debug|Any CPU.Build.0 = Debug|Any CPU
		{4C129D2A-18DD-46E3-8421-2EC17749FEFB}.Release|Any CPU.ActiveCfg = Release|Any CPU
		{4C129D2A-18DD-46E3-8421-2EC17749FEFB}.Release|Any CPU.Build.0 = Release|Any CPU
		{4B84ED24-028F-4025-8285-CF25802ECCC9}.Debug|Any CPU.ActiveCfg = Debug|Any CPU
		{4B84ED24-028F-4025-8285-CF25802ECCC9}.Debug|Any CPU.Build.0 = Debug|Any CPU
		{4B84ED24-028F-4025-8285-CF25802ECCC9}.Release|Any CPU.ActiveCfg = Release|Any CPU
		{4B84ED24-028F-4025-8285-CF25802ECCC9}.Release|Any CPU.Build.0 = Release|Any CPU
		{82256680-5BBD-4878-96E5-92F2D7B5E500}.Debug|Any CPU.ActiveCfg = Debug|Any CPU
		{82256680-5BBD-4878-96E5-92F2D7B5E500}.Debug|Any CPU.Build.0 = Debug|Any CPU
		{82256680-5BBD-4878-96E5-92F2D7B5E500}.Release|Any CPU.ActiveCfg = Release|Any CPU
		{82256680-5BBD-4878-96E5-92F2D7B5E500}.Release|Any CPU.Build.0 = Release|Any CPU
		{B014BDB6-A561-46FC-BD94-378AEBD8F5D5}.Debug|Any CPU.ActiveCfg = Debug|Any CPU
		{B014BDB6-A561-46FC-BD94-378AEBD8F5D5}.Debug|Any CPU.Build.0 = Debug|Any CPU
		{B014BDB6-A561-46FC-BD94-378AEBD8F5D5}.Release|Any CPU.ActiveCfg = Release|Any CPU
		{B014BDB6-A561-46FC-BD94-378AEBD8F5D5}.Release|Any CPU.Build.0 = Release|Any CPU
		{EE03FA1D-8E36-4A84-BD1B-DECABFA2AEDA}.Debug|Any CPU.ActiveCfg = Debug|Any CPU
		{EE03FA1D-8E36-4A84-BD1B-DECABFA2AEDA}.Debug|Any CPU.Build.0 = Debug|Any CPU
		{EE03FA1D-8E36-4A84-BD1B-DECABFA2AEDA}.Release|Any CPU.ActiveCfg = Release|Any CPU
		{EE03FA1D-8E36-4A84-BD1B-DECABFA2AEDA}.Release|Any CPU.Build.0 = Release|Any CPU
		{4CD46661-779A-4F1D-BFF7-3CCE90D85C38}.Debug|Any CPU.ActiveCfg = Debug|Any CPU
		{4CD46661-779A-4F1D-BFF7-3CCE90D85C38}.Debug|Any CPU.Build.0 = Debug|Any CPU
		{4CD46661-779A-4F1D-BFF7-3CCE90D85C38}.Release|Any CPU.ActiveCfg = Release|Any CPU
		{4CD46661-779A-4F1D-BFF7-3CCE90D85C38}.Release|Any CPU.Build.0 = Release|Any CPU
		{359F2D6D-2C70-4C5B-AD27-91E9DB079899}.Debug|Any CPU.ActiveCfg = Debug|Any CPU
		{359F2D6D-2C70-4C5B-AD27-91E9DB079899}.Debug|Any CPU.Build.0 = Debug|Any CPU
		{359F2D6D-2C70-4C5B-AD27-91E9DB079899}.Release|Any CPU.ActiveCfg = Release|Any CPU
		{359F2D6D-2C70-4C5B-AD27-91E9DB079899}.Release|Any CPU.Build.0 = Release|Any CPU
		{E57B5992-262F-4BFC-9734-2056CA5E7A33}.Debug|Any CPU.ActiveCfg = Debug|Any CPU
		{E57B5992-262F-4BFC-9734-2056CA5E7A33}.Debug|Any CPU.Build.0 = Debug|Any CPU
		{E57B5992-262F-4BFC-9734-2056CA5E7A33}.Release|Any CPU.ActiveCfg = Release|Any CPU
		{E57B5992-262F-4BFC-9734-2056CA5E7A33}.Release|Any CPU.Build.0 = Release|Any CPU
		{6BF36682-C8A1-4B7F-8C0C-63D22B928499}.Debug|Any CPU.ActiveCfg = Debug|Any CPU
		{6BF36682-C8A1-4B7F-8C0C-63D22B928499}.Debug|Any CPU.Build.0 = Debug|Any CPU
		{6BF36682-C8A1-4B7F-8C0C-63D22B928499}.Release|Any CPU.ActiveCfg = Release|Any CPU
		{6BF36682-C8A1-4B7F-8C0C-63D22B928499}.Release|Any CPU.Build.0 = Release|Any CPU
		{7E1D91AB-419A-4DF4-9D93-64A3F8CCC321}.Debug|Any CPU.ActiveCfg = Debug|Any CPU
		{7E1D91AB-419A-4DF4-9D93-64A3F8CCC321}.Debug|Any CPU.Build.0 = Debug|Any CPU
		{7E1D91AB-419A-4DF4-9D93-64A3F8CCC321}.Release|Any CPU.ActiveCfg = Release|Any CPU
		{7E1D91AB-419A-4DF4-9D93-64A3F8CCC321}.Release|Any CPU.Build.0 = Release|Any CPU
		{7EA87073-B784-4DCB-B57F-7536D1BF5B64}.Debug|Any CPU.ActiveCfg = Debug|Any CPU
		{7EA87073-B784-4DCB-B57F-7536D1BF5B64}.Debug|Any CPU.Build.0 = Debug|Any CPU
		{7EA87073-B784-4DCB-B57F-7536D1BF5B64}.Release|Any CPU.ActiveCfg = Release|Any CPU
		{7EA87073-B784-4DCB-B57F-7536D1BF5B64}.Release|Any CPU.Build.0 = Release|Any CPU
		{162CC2AF-29E8-4F22-9392-2244EC2348B9}.Debug|Any CPU.ActiveCfg = Debug|Any CPU
		{162CC2AF-29E8-4F22-9392-2244EC2348B9}.Debug|Any CPU.Build.0 = Debug|Any CPU
		{162CC2AF-29E8-4F22-9392-2244EC2348B9}.Release|Any CPU.ActiveCfg = Release|Any CPU
		{162CC2AF-29E8-4F22-9392-2244EC2348B9}.Release|Any CPU.Build.0 = Release|Any CPU
		{FCC1B7DC-2432-452B-883D-EFDB4BC92230}.Debug|Any CPU.ActiveCfg = Debug|Any CPU
		{FCC1B7DC-2432-452B-883D-EFDB4BC92230}.Debug|Any CPU.Build.0 = Debug|Any CPU
		{FCC1B7DC-2432-452B-883D-EFDB4BC92230}.Release|Any CPU.ActiveCfg = Release|Any CPU
		{FCC1B7DC-2432-452B-883D-EFDB4BC92230}.Release|Any CPU.Build.0 = Release|Any CPU
		{43552AC8-3AE5-426B-A686-F6FD8245CD78}.Debug|Any CPU.ActiveCfg = Debug|Any CPU
		{43552AC8-3AE5-426B-A686-F6FD8245CD78}.Debug|Any CPU.Build.0 = Debug|Any CPU
		{43552AC8-3AE5-426B-A686-F6FD8245CD78}.Release|Any CPU.ActiveCfg = Release|Any CPU
		{43552AC8-3AE5-426B-A686-F6FD8245CD78}.Release|Any CPU.Build.0 = Release|Any CPU
		{B01269CE-DD26-4139-9DD8-65AC248C8C4E}.Debug|Any CPU.ActiveCfg = Debug|Any CPU
		{B01269CE-DD26-4139-9DD8-65AC248C8C4E}.Debug|Any CPU.Build.0 = Debug|Any CPU
		{B01269CE-DD26-4139-9DD8-65AC248C8C4E}.Release|Any CPU.ActiveCfg = Release|Any CPU
		{B01269CE-DD26-4139-9DD8-65AC248C8C4E}.Release|Any CPU.Build.0 = Release|Any CPU
		{C5EE9256-25A4-4F5D-9E14-8462911C62AC}.Debug|Any CPU.ActiveCfg = Debug|Any CPU
		{C5EE9256-25A4-4F5D-9E14-8462911C62AC}.Debug|Any CPU.Build.0 = Debug|Any CPU
		{C5EE9256-25A4-4F5D-9E14-8462911C62AC}.Release|Any CPU.ActiveCfg = Release|Any CPU
		{C5EE9256-25A4-4F5D-9E14-8462911C62AC}.Release|Any CPU.Build.0 = Release|Any CPU
	EndGlobalSection
	GlobalSection(SolutionProperties) = preSolution
		HideSolutionNode = FALSE
	EndGlobalSection
	GlobalSection(NestedProjects) = preSolution
		{ED86A430-823B-4332-AC67-4536545C8057} = {7A512CD8-5192-4BDC-98D4-0D0CAC7CA467}
		{F96CB656-CBE2-49D3-99E5-A3DBB4F2D1DD} = {ED86A430-823B-4332-AC67-4536545C8057}
		{0799A985-5477-4955-8A2F-A800AD015DE3} = {7A512CD8-5192-4BDC-98D4-0D0CAC7CA467}
		{93D7107B-06C1-4DE2-BEF0-8793B9237DC4} = {7A512CD8-5192-4BDC-98D4-0D0CAC7CA467}
		{24045220-01F6-40F1-9D1C-696599EF9874} = {7A512CD8-5192-4BDC-98D4-0D0CAC7CA467}
		{37329E7F-3CAA-454A-9D1C-C2D52063602A} = {7A512CD8-5192-4BDC-98D4-0D0CAC7CA467}
		{31F99C99-3525-4009-B45D-1EC195E1D0A4} = {66901F9E-9767-48D4-89C3-D554A9B813DA}
		{79BE8F0E-46A6-49BB-BC7A-8ABB2B1100F6} = {7A512CD8-5192-4BDC-98D4-0D0CAC7CA467}
		{3B40773A-331A-499E-A7A0-23061AAB1A17} = {0799A985-5477-4955-8A2F-A800AD015DE3}
		{A03C758D-B75F-480E-8EDD-B3C112B59128} = {0799A985-5477-4955-8A2F-A800AD015DE3}
		{4C129D2A-18DD-46E3-8421-2EC17749FEFB} = {0799A985-5477-4955-8A2F-A800AD015DE3}
		{4B84ED24-028F-4025-8285-CF25802ECCC9} = {66901F9E-9767-48D4-89C3-D554A9B813DA}
		{82256680-5BBD-4878-96E5-92F2D7B5E500} = {0799A985-5477-4955-8A2F-A800AD015DE3}
		{B014BDB6-A561-46FC-BD94-378AEBD8F5D5} = {66901F9E-9767-48D4-89C3-D554A9B813DA}
		{259E455F-96F7-4930-AA10-2E2BF6B3369D} = {7A512CD8-5192-4BDC-98D4-0D0CAC7CA467}
		{EE03FA1D-8E36-4A84-BD1B-DECABFA2AEDA} = {259E455F-96F7-4930-AA10-2E2BF6B3369D}
		{4CD46661-779A-4F1D-BFF7-3CCE90D85C38} = {259E455F-96F7-4930-AA10-2E2BF6B3369D}
		{359F2D6D-2C70-4C5B-AD27-91E9DB079899} = {259E455F-96F7-4930-AA10-2E2BF6B3369D}
		{E57B5992-262F-4BFC-9734-2056CA5E7A33} = {259E455F-96F7-4930-AA10-2E2BF6B3369D}
		{6BF36682-C8A1-4B7F-8C0C-63D22B928499} = {66901F9E-9767-48D4-89C3-D554A9B813DA}
		{F03FF567-89B9-4C8B-89F6-DF65985118FB} = {DD505021-126D-4DDB-A95B-1AB72108AAF5}
		{7E1D91AB-419A-4DF4-9D93-64A3F8CCC321} = {F03FF567-89B9-4C8B-89F6-DF65985118FB}
		{01895C00-8716-4315-9715-5E7E6CF17886} = {7A512CD8-5192-4BDC-98D4-0D0CAC7CA467}
		{7EA87073-B784-4DCB-B57F-7536D1BF5B64} = {01895C00-8716-4315-9715-5E7E6CF17886}
		{162CC2AF-29E8-4F22-9392-2244EC2348B9} = {66901F9E-9767-48D4-89C3-D554A9B813DA}
		{FCC1B7DC-2432-452B-883D-EFDB4BC92230} = {01895C00-8716-4315-9715-5E7E6CF17886}
		{43552AC8-3AE5-426B-A686-F6FD8245CD78} = {01895C00-8716-4315-9715-5E7E6CF17886}
		{B01269CE-DD26-4139-9DD8-65AC248C8C4E} = {01895C00-8716-4315-9715-5E7E6CF17886}
		{C5EE9256-25A4-4F5D-9E14-8462911C62AC} = {66901F9E-9767-48D4-89C3-D554A9B813DA}
	EndGlobalSection
	GlobalSection(ExtensibilityGlobals) = postSolution
		SolutionGuid = {3E2CF316-AC66-47A6-9B33-A92B45240818}
	EndGlobalSection
EndGlobal
